// !$*UTF8*$!
{
	archiveVersion = 1;
	classes = {
	};
	objectVersion = 55;
	objects = {

/* Begin PBXBuildFile section */
		FA41A2EC2A1C84CE008DC83E /* TopViewController.swift in Sources */ = {isa = PBXBuildFile; fileRef = FA41A2EB2A1C84CE008DC83E /* TopViewController.swift */; };
		FA41A2EE2A1C8531008DC83E /* TopPageViewController.swift in Sources */ = {isa = PBXBuildFile; fileRef = FA41A2ED2A1C8531008DC83E /* TopPageViewController.swift */; };
		FA41A2F02A1C861E008DC83E /* TabBarController.swift in Sources */ = {isa = PBXBuildFile; fileRef = FA41A2EF2A1C861E008DC83E /* TabBarController.swift */; };
		FA41A2F22A1C8734008DC83E /* GraphViewController.swift in Sources */ = {isa = PBXBuildFile; fileRef = FA41A2F12A1C8734008DC83E /* GraphViewController.swift */; };
		FA41A2F42A1C877E008DC83E /* SettingsViewController.swift in Sources */ = {isa = PBXBuildFile; fileRef = FA41A2F32A1C877E008DC83E /* SettingsViewController.swift */; };
		FA68AF212A135F6F00B69D4A /* AppDelegate.swift in Sources */ = {isa = PBXBuildFile; fileRef = FA68AF202A135F6F00B69D4A /* AppDelegate.swift */; };
		FA68AF232A135F6F00B69D4A /* SceneDelegate.swift in Sources */ = {isa = PBXBuildFile; fileRef = FA68AF222A135F6F00B69D4A /* SceneDelegate.swift */; };
		FA68AF282A135F6F00B69D4A /* Main.storyboard in Resources */ = {isa = PBXBuildFile; fileRef = FA68AF262A135F6F00B69D4A /* Main.storyboard */; };
		FA68AF2A2A135F7100B69D4A /* Assets.xcassets in Resources */ = {isa = PBXBuildFile; fileRef = FA68AF292A135F7100B69D4A /* Assets.xcassets */; };
		FA68AF2D2A135F7100B69D4A /* LaunchScreen.storyboard in Resources */ = {isa = PBXBuildFile; fileRef = FA68AF2B2A135F7100B69D4A /* LaunchScreen.storyboard */; };
		FA68AF382A135F7200B69D4A /* DietAppTests.swift in Sources */ = {isa = PBXBuildFile; fileRef = FA68AF372A135F7200B69D4A /* DietAppTests.swift */; };
		FA68AF422A135F7200B69D4A /* DietAppUITests.swift in Sources */ = {isa = PBXBuildFile; fileRef = FA68AF412A135F7200B69D4A /* DietAppUITests.swift */; };
		FA68AF442A135F7200B69D4A /* DietAppUITestsLaunchTests.swift in Sources */ = {isa = PBXBuildFile; fileRef = FA68AF432A135F7200B69D4A /* DietAppUITestsLaunchTests.swift */; };
		FAFF6F532A2055430092A1A3 /* TopView.swift in Sources */ = {isa = PBXBuildFile; fileRef = FAFF6F522A2055430092A1A3 /* TopView.swift */; };
		FAFF6F552A2055590092A1A3 /* TopView.xib in Resources */ = {isa = PBXBuildFile; fileRef = FAFF6F542A2055590092A1A3 /* TopView.xib */; };
		FAFF6F592A21ACE40092A1A3 /* WeightTableViewCell.swift in Sources */ = {isa = PBXBuildFile; fileRef = FAFF6F572A21ACE40092A1A3 /* WeightTableViewCell.swift */; };
		FAFF6F5A2A21ACE40092A1A3 /* WeightTableViewCell.xib in Resources */ = {isa = PBXBuildFile; fileRef = FAFF6F582A21ACE40092A1A3 /* WeightTableViewCell.xib */; };
		FAFF6F602A21C60F0092A1A3 /* MemoTableViewCell.swift in Sources */ = {isa = PBXBuildFile; fileRef = FAFF6F5E2A21C60F0092A1A3 /* MemoTableViewCell.swift */; };
		FAFF6F612A21C60F0092A1A3 /* MemoTableViewCell.xib in Resources */ = {isa = PBXBuildFile; fileRef = FAFF6F5F2A21C60F0092A1A3 /* MemoTableViewCell.xib */; };
/* End PBXBuildFile section */

/* Begin PBXContainerItemProxy section */
		FA68AF342A135F7200B69D4A /* PBXContainerItemProxy */ = {
			isa = PBXContainerItemProxy;
			containerPortal = FA68AF152A135F6F00B69D4A /* Project object */;
			proxyType = 1;
			remoteGlobalIDString = FA68AF1C2A135F6F00B69D4A;
			remoteInfo = DietApp;
		};
		FA68AF3E2A135F7200B69D4A /* PBXContainerItemProxy */ = {
			isa = PBXContainerItemProxy;
			containerPortal = FA68AF152A135F6F00B69D4A /* Project object */;
			proxyType = 1;
			remoteGlobalIDString = FA68AF1C2A135F6F00B69D4A;
			remoteInfo = DietApp;
		};
/* End PBXContainerItemProxy section */

/* Begin PBXFileReference section */
		FA41A2EB2A1C84CE008DC83E /* TopViewController.swift */ = {isa = PBXFileReference; lastKnownFileType = sourcecode.swift; path = TopViewController.swift; sourceTree = "<group>"; };
		FA41A2ED2A1C8531008DC83E /* TopPageViewController.swift */ = {isa = PBXFileReference; lastKnownFileType = sourcecode.swift; path = TopPageViewController.swift; sourceTree = "<group>"; };
		FA41A2EF2A1C861E008DC83E /* TabBarController.swift */ = {isa = PBXFileReference; lastKnownFileType = sourcecode.swift; path = TabBarController.swift; sourceTree = "<group>"; };
		FA41A2F12A1C8734008DC83E /* GraphViewController.swift */ = {isa = PBXFileReference; lastKnownFileType = sourcecode.swift; path = GraphViewController.swift; sourceTree = "<group>"; };
		FA41A2F32A1C877E008DC83E /* SettingsViewController.swift */ = {isa = PBXFileReference; lastKnownFileType = sourcecode.swift; path = SettingsViewController.swift; sourceTree = "<group>"; };
		FA68AF1D2A135F6F00B69D4A /* DietApp.app */ = {isa = PBXFileReference; explicitFileType = wrapper.application; includeInIndex = 0; path = DietApp.app; sourceTree = BUILT_PRODUCTS_DIR; };
		FA68AF202A135F6F00B69D4A /* AppDelegate.swift */ = {isa = PBXFileReference; lastKnownFileType = sourcecode.swift; path = AppDelegate.swift; sourceTree = "<group>"; };
		FA68AF222A135F6F00B69D4A /* SceneDelegate.swift */ = {isa = PBXFileReference; lastKnownFileType = sourcecode.swift; path = SceneDelegate.swift; sourceTree = "<group>"; };
		FA68AF272A135F6F00B69D4A /* Base */ = {isa = PBXFileReference; lastKnownFileType = file.storyboard; name = Base; path = Base.lproj/Main.storyboard; sourceTree = "<group>"; };
		FA68AF292A135F7100B69D4A /* Assets.xcassets */ = {isa = PBXFileReference; lastKnownFileType = folder.assetcatalog; path = Assets.xcassets; sourceTree = "<group>"; };
		FA68AF2C2A135F7100B69D4A /* Base */ = {isa = PBXFileReference; lastKnownFileType = file.storyboard; name = Base; path = Base.lproj/LaunchScreen.storyboard; sourceTree = "<group>"; };
		FA68AF2E2A135F7100B69D4A /* Info.plist */ = {isa = PBXFileReference; lastKnownFileType = text.plist.xml; path = Info.plist; sourceTree = "<group>"; };
		FA68AF332A135F7200B69D4A /* DietAppTests.xctest */ = {isa = PBXFileReference; explicitFileType = wrapper.cfbundle; includeInIndex = 0; path = DietAppTests.xctest; sourceTree = BUILT_PRODUCTS_DIR; };
		FA68AF372A135F7200B69D4A /* DietAppTests.swift */ = {isa = PBXFileReference; lastKnownFileType = sourcecode.swift; path = DietAppTests.swift; sourceTree = "<group>"; };
		FA68AF3D2A135F7200B69D4A /* DietAppUITests.xctest */ = {isa = PBXFileReference; explicitFileType = wrapper.cfbundle; includeInIndex = 0; path = DietAppUITests.xctest; sourceTree = BUILT_PRODUCTS_DIR; };
		FA68AF412A135F7200B69D4A /* DietAppUITests.swift */ = {isa = PBXFileReference; lastKnownFileType = sourcecode.swift; path = DietAppUITests.swift; sourceTree = "<group>"; };
		FA68AF432A135F7200B69D4A /* DietAppUITestsLaunchTests.swift */ = {isa = PBXFileReference; lastKnownFileType = sourcecode.swift; path = DietAppUITestsLaunchTests.swift; sourceTree = "<group>"; };
		FAFF6F522A2055430092A1A3 /* TopView.swift */ = {isa = PBXFileReference; lastKnownFileType = sourcecode.swift; path = TopView.swift; sourceTree = "<group>"; };
		FAFF6F542A2055590092A1A3 /* TopView.xib */ = {isa = PBXFileReference; lastKnownFileType = file.xib; path = TopView.xib; sourceTree = "<group>"; };
		FAFF6F572A21ACE40092A1A3 /* WeightTableViewCell.swift */ = {isa = PBXFileReference; lastKnownFileType = sourcecode.swift; path = WeightTableViewCell.swift; sourceTree = "<group>"; };
		FAFF6F582A21ACE40092A1A3 /* WeightTableViewCell.xib */ = {isa = PBXFileReference; lastKnownFileType = file.xib; path = WeightTableViewCell.xib; sourceTree = "<group>"; };
		FAFF6F5E2A21C60F0092A1A3 /* MemoTableViewCell.swift */ = {isa = PBXFileReference; lastKnownFileType = sourcecode.swift; path = MemoTableViewCell.swift; sourceTree = "<group>"; };
		FAFF6F5F2A21C60F0092A1A3 /* MemoTableViewCell.xib */ = {isa = PBXFileReference; lastKnownFileType = file.xib; path = MemoTableViewCell.xib; sourceTree = "<group>"; };
/* End PBXFileReference section */

/* Begin PBXFrameworksBuildPhase section */
		FA68AF1A2A135F6F00B69D4A /* Frameworks */ = {
			isa = PBXFrameworksBuildPhase;
			buildActionMask = 2147483647;
			files = (
			);
			runOnlyForDeploymentPostprocessing = 0;
		};
		FA68AF302A135F7200B69D4A /* Frameworks */ = {
			isa = PBXFrameworksBuildPhase;
			buildActionMask = 2147483647;
			files = (
			);
			runOnlyForDeploymentPostprocessing = 0;
		};
		FA68AF3A2A135F7200B69D4A /* Frameworks */ = {
			isa = PBXFrameworksBuildPhase;
			buildActionMask = 2147483647;
			files = (
			);
			runOnlyForDeploymentPostprocessing = 0;
		};
/* End PBXFrameworksBuildPhase section */

/* Begin PBXGroup section */
		FA41A2F52A1C8834008DC83E /* Model */ = {
			isa = PBXGroup;
			children = (
			);
			path = Model;
			sourceTree = "<group>";
		};
		FA41A2F92A1C88B0008DC83E /* Controller */ = {
			isa = PBXGroup;
			children = (
				FA41A2EF2A1C861E008DC83E /* TabBarController.swift */,
				FA41A2FB2A1C8912008DC83E /* TopPage */,
				FA41A2FD2A1C8940008DC83E /* GraphPage */,
				FA41A2FE2A1C8973008DC83E /* SettingsPage */,
			);
			name = Controller;
			sourceTree = "<group>";
		};
		FA41A2FA2A1C88D5008DC83E /* View */ = {
			isa = PBXGroup;
			children = (
				FA68AF262A135F6F00B69D4A /* Main.storyboard */,
				FAFF6F562A2071C70092A1A3 /* TopPage */,
			);
			path = View;
			sourceTree = "<group>";
		};
		FA41A2FB2A1C8912008DC83E /* TopPage */ = {
			isa = PBXGroup;
			children = (
				FA41A2ED2A1C8531008DC83E /* TopPageViewController.swift */,
				FA41A2EB2A1C84CE008DC83E /* TopViewController.swift */,
			);
			path = TopPage;
			sourceTree = "<group>";
		};
		FA41A2FD2A1C8940008DC83E /* GraphPage */ = {
			isa = PBXGroup;
			children = (
				FA41A2F12A1C8734008DC83E /* GraphViewController.swift */,
			);
			path = GraphPage;
			sourceTree = "<group>";
		};
		FA41A2FE2A1C8973008DC83E /* SettingsPage */ = {
			isa = PBXGroup;
			children = (
				FA41A2F32A1C877E008DC83E /* SettingsViewController.swift */,
			);
			path = SettingsPage;
			sourceTree = "<group>";
		};
		FA68AF142A135F6F00B69D4A = {
			isa = PBXGroup;
			children = (
				FA68AF1F2A135F6F00B69D4A /* DietApp */,
				FA68AF362A135F7200B69D4A /* DietAppTests */,
				FA68AF402A135F7200B69D4A /* DietAppUITests */,
				FA68AF1E2A135F6F00B69D4A /* Products */,
			);
			sourceTree = "<group>";
		};
		FA68AF1E2A135F6F00B69D4A /* Products */ = {
			isa = PBXGroup;
			children = (
				FA68AF1D2A135F6F00B69D4A /* DietApp.app */,
				FA68AF332A135F7200B69D4A /* DietAppTests.xctest */,
				FA68AF3D2A135F7200B69D4A /* DietAppUITests.xctest */,
			);
			name = Products;
			sourceTree = "<group>";
		};
		FA68AF1F2A135F6F00B69D4A /* DietApp */ = {
			isa = PBXGroup;
			children = (
				FA68AF202A135F6F00B69D4A /* AppDelegate.swift */,
				FA68AF222A135F6F00B69D4A /* SceneDelegate.swift */,
				FA41A2F52A1C8834008DC83E /* Model */,
				FA41A2FA2A1C88D5008DC83E /* View */,
				FA41A2F92A1C88B0008DC83E /* Controller */,
				FA68AF292A135F7100B69D4A /* Assets.xcassets */,
				FA68AF2B2A135F7100B69D4A /* LaunchScreen.storyboard */,
				FA68AF2E2A135F7100B69D4A /* Info.plist */,
			);
			path = DietApp;
			sourceTree = "<group>";
		};
		FA68AF362A135F7200B69D4A /* DietAppTests */ = {
			isa = PBXGroup;
			children = (
				FA68AF372A135F7200B69D4A /* DietAppTests.swift */,
			);
			path = DietAppTests;
			sourceTree = "<group>";
		};
		FA68AF402A135F7200B69D4A /* DietAppUITests */ = {
			isa = PBXGroup;
			children = (
				FA68AF412A135F7200B69D4A /* DietAppUITests.swift */,
				FA68AF432A135F7200B69D4A /* DietAppUITestsLaunchTests.swift */,
			);
			path = DietAppUITests;
			sourceTree = "<group>";
		};
		FAFF6F562A2071C70092A1A3 /* TopPage */ = {
			isa = PBXGroup;
			children = (
				FAFF6F522A2055430092A1A3 /* TopView.swift */,
				FAFF6F542A2055590092A1A3 /* TopView.xib */,
				FAFF6F5B2A21C5D00092A1A3 /* Cell */,
			);
			path = TopPage;
			sourceTree = "<group>";
		};
		FAFF6F5B2A21C5D00092A1A3 /* Cell */ = {
			isa = PBXGroup;
			children = (
				FAFF6F572A21ACE40092A1A3 /* WeightTableViewCell.swift */,
				FAFF6F582A21ACE40092A1A3 /* WeightTableViewCell.xib */,
				FAFF6F5E2A21C60F0092A1A3 /* MemoTableViewCell.swift */,
				FAFF6F5F2A21C60F0092A1A3 /* MemoTableViewCell.xib */,
			);
			path = Cell;
			sourceTree = "<group>";
		};
/* End PBXGroup section */

/* Begin PBXNativeTarget section */
		FA68AF1C2A135F6F00B69D4A /* DietApp */ = {
			isa = PBXNativeTarget;
			buildConfigurationList = FA68AF472A135F7200B69D4A /* Build configuration list for PBXNativeTarget "DietApp" */;
			buildPhases = (
				FA68AF192A135F6F00B69D4A /* Sources */,
				FA68AF1A2A135F6F00B69D4A /* Frameworks */,
				FA68AF1B2A135F6F00B69D4A /* Resources */,
			);
			buildRules = (
			);
			dependencies = (
			);
			name = DietApp;
			productName = DietApp;
			productReference = FA68AF1D2A135F6F00B69D4A /* DietApp.app */;
			productType = "com.apple.product-type.application";
		};
		FA68AF322A135F7200B69D4A /* DietAppTests */ = {
			isa = PBXNativeTarget;
			buildConfigurationList = FA68AF4A2A135F7200B69D4A /* Build configuration list for PBXNativeTarget "DietAppTests" */;
			buildPhases = (
				FA68AF2F2A135F7200B69D4A /* Sources */,
				FA68AF302A135F7200B69D4A /* Frameworks */,
				FA68AF312A135F7200B69D4A /* Resources */,
			);
			buildRules = (
			);
			dependencies = (
				FA68AF352A135F7200B69D4A /* PBXTargetDependency */,
			);
			name = DietAppTests;
			productName = DietAppTests;
			productReference = FA68AF332A135F7200B69D4A /* DietAppTests.xctest */;
			productType = "com.apple.product-type.bundle.unit-test";
		};
		FA68AF3C2A135F7200B69D4A /* DietAppUITests */ = {
			isa = PBXNativeTarget;
			buildConfigurationList = FA68AF4D2A135F7200B69D4A /* Build configuration list for PBXNativeTarget "DietAppUITests" */;
			buildPhases = (
				FA68AF392A135F7200B69D4A /* Sources */,
				FA68AF3A2A135F7200B69D4A /* Frameworks */,
				FA68AF3B2A135F7200B69D4A /* Resources */,
			);
			buildRules = (
			);
			dependencies = (
				FA68AF3F2A135F7200B69D4A /* PBXTargetDependency */,
			);
			name = DietAppUITests;
			productName = DietAppUITests;
			productReference = FA68AF3D2A135F7200B69D4A /* DietAppUITests.xctest */;
			productType = "com.apple.product-type.bundle.ui-testing";
		};
/* End PBXNativeTarget section */

/* Begin PBXProject section */
		FA68AF152A135F6F00B69D4A /* Project object */ = {
			isa = PBXProject;
			attributes = {
				BuildIndependentTargetsInParallel = 1;
				LastSwiftUpdateCheck = 1340;
				LastUpgradeCheck = 1340;
				TargetAttributes = {
					FA68AF1C2A135F6F00B69D4A = {
						CreatedOnToolsVersion = 13.4.1;
					};
					FA68AF322A135F7200B69D4A = {
						CreatedOnToolsVersion = 13.4.1;
						TestTargetID = FA68AF1C2A135F6F00B69D4A;
					};
					FA68AF3C2A135F7200B69D4A = {
						CreatedOnToolsVersion = 13.4.1;
						TestTargetID = FA68AF1C2A135F6F00B69D4A;
					};
				};
			};
			buildConfigurationList = FA68AF182A135F6F00B69D4A /* Build configuration list for PBXProject "DietApp" */;
			compatibilityVersion = "Xcode 13.0";
			developmentRegion = en;
			hasScannedForEncodings = 0;
			knownRegions = (
				en,
				Base,
			);
			mainGroup = FA68AF142A135F6F00B69D4A;
			productRefGroup = FA68AF1E2A135F6F00B69D4A /* Products */;
			projectDirPath = "";
			projectRoot = "";
			targets = (
				FA68AF1C2A135F6F00B69D4A /* DietApp */,
				FA68AF322A135F7200B69D4A /* DietAppTests */,
				FA68AF3C2A135F7200B69D4A /* DietAppUITests */,
			);
		};
/* End PBXProject section */

/* Begin PBXResourcesBuildPhase section */
		FA68AF1B2A135F6F00B69D4A /* Resources */ = {
			isa = PBXResourcesBuildPhase;
			buildActionMask = 2147483647;
			files = (
				FAFF6F5A2A21ACE40092A1A3 /* WeightTableViewCell.xib in Resources */,
				FA68AF2D2A135F7100B69D4A /* LaunchScreen.storyboard in Resources */,
				FA68AF2A2A135F7100B69D4A /* Assets.xcassets in Resources */,
				FAFF6F612A21C60F0092A1A3 /* MemoTableViewCell.xib in Resources */,
				FA68AF282A135F6F00B69D4A /* Main.storyboard in Resources */,
				FAFF6F552A2055590092A1A3 /* TopView.xib in Resources */,
			);
			runOnlyForDeploymentPostprocessing = 0;
		};
		FA68AF312A135F7200B69D4A /* Resources */ = {
			isa = PBXResourcesBuildPhase;
			buildActionMask = 2147483647;
			files = (
			);
			runOnlyForDeploymentPostprocessing = 0;
		};
		FA68AF3B2A135F7200B69D4A /* Resources */ = {
			isa = PBXResourcesBuildPhase;
			buildActionMask = 2147483647;
			files = (
			);
			runOnlyForDeploymentPostprocessing = 0;
		};
/* End PBXResourcesBuildPhase section */

/* Begin PBXSourcesBuildPhase section */
		FA68AF192A135F6F00B69D4A /* Sources */ = {
			isa = PBXSourcesBuildPhase;
			buildActionMask = 2147483647;
			files = (
				FA41A2EC2A1C84CE008DC83E /* TopViewController.swift in Sources */,
				FA41A2EE2A1C8531008DC83E /* TopPageViewController.swift in Sources */,
				FAFF6F592A21ACE40092A1A3 /* WeightTableViewCell.swift in Sources */,
				FA41A2F42A1C877E008DC83E /* SettingsViewController.swift in Sources */,
				FA68AF212A135F6F00B69D4A /* AppDelegate.swift in Sources */,
				FAFF6F602A21C60F0092A1A3 /* MemoTableViewCell.swift in Sources */,
				FA41A2F22A1C8734008DC83E /* GraphViewController.swift in Sources */,
				FA41A2F02A1C861E008DC83E /* TabBarController.swift in Sources */,
				FA68AF232A135F6F00B69D4A /* SceneDelegate.swift in Sources */,
				FAFF6F532A2055430092A1A3 /* TopView.swift in Sources */,
			);
			runOnlyForDeploymentPostprocessing = 0;
		};
		FA68AF2F2A135F7200B69D4A /* Sources */ = {
			isa = PBXSourcesBuildPhase;
			buildActionMask = 2147483647;
			files = (
				FA68AF382A135F7200B69D4A /* DietAppTests.swift in Sources */,
			);
			runOnlyForDeploymentPostprocessing = 0;
		};
		FA68AF392A135F7200B69D4A /* Sources */ = {
			isa = PBXSourcesBuildPhase;
			buildActionMask = 2147483647;
			files = (
				FA68AF442A135F7200B69D4A /* DietAppUITestsLaunchTests.swift in Sources */,
				FA68AF422A135F7200B69D4A /* DietAppUITests.swift in Sources */,
			);
			runOnlyForDeploymentPostprocessing = 0;
		};
/* End PBXSourcesBuildPhase section */

/* Begin PBXTargetDependency section */
		FA68AF352A135F7200B69D4A /* PBXTargetDependency */ = {
			isa = PBXTargetDependency;
			target = FA68AF1C2A135F6F00B69D4A /* DietApp */;
			targetProxy = FA68AF342A135F7200B69D4A /* PBXContainerItemProxy */;
		};
		FA68AF3F2A135F7200B69D4A /* PBXTargetDependency */ = {
			isa = PBXTargetDependency;
			target = FA68AF1C2A135F6F00B69D4A /* DietApp */;
			targetProxy = FA68AF3E2A135F7200B69D4A /* PBXContainerItemProxy */;
		};
/* End PBXTargetDependency section */

/* Begin PBXVariantGroup section */
		FA68AF262A135F6F00B69D4A /* Main.storyboard */ = {
			isa = PBXVariantGroup;
			children = (
				FA68AF272A135F6F00B69D4A /* Base */,
			);
			name = Main.storyboard;
			sourceTree = "<group>";
		};
		FA68AF2B2A135F7100B69D4A /* LaunchScreen.storyboard */ = {
			isa = PBXVariantGroup;
			children = (
				FA68AF2C2A135F7100B69D4A /* Base */,
			);
			name = LaunchScreen.storyboard;
			sourceTree = "<group>";
		};
/* End PBXVariantGroup section */

/* Begin XCBuildConfiguration section */
		FA68AF452A135F7200B69D4A /* Debug */ = {
			isa = XCBuildConfiguration;
			buildSettings = {
				ALWAYS_SEARCH_USER_PATHS = NO;
				CLANG_ANALYZER_NONNULL = YES;
				CLANG_ANALYZER_NUMBER_OBJECT_CONVERSION = YES_AGGRESSIVE;
				CLANG_CXX_LANGUAGE_STANDARD = "gnu++17";
				CLANG_ENABLE_MODULES = YES;
				CLANG_ENABLE_OBJC_ARC = YES;
				CLANG_ENABLE_OBJC_WEAK = YES;
				CLANG_WARN_BLOCK_CAPTURE_AUTORELEASING = YES;
				CLANG_WARN_BOOL_CONVERSION = YES;
				CLANG_WARN_COMMA = YES;
				CLANG_WARN_CONSTANT_CONVERSION = YES;
				CLANG_WARN_DEPRECATED_OBJC_IMPLEMENTATIONS = YES;
				CLANG_WARN_DIRECT_OBJC_ISA_USAGE = YES_ERROR;
				CLANG_WARN_DOCUMENTATION_COMMENTS = YES;
				CLANG_WARN_EMPTY_BODY = YES;
				CLANG_WARN_ENUM_CONVERSION = YES;
				CLANG_WARN_INFINITE_RECURSION = YES;
				CLANG_WARN_INT_CONVERSION = YES;
				CLANG_WARN_NON_LITERAL_NULL_CONVERSION = YES;
				CLANG_WARN_OBJC_IMPLICIT_RETAIN_SELF = YES;
				CLANG_WARN_OBJC_LITERAL_CONVERSION = YES;
				CLANG_WARN_OBJC_ROOT_CLASS = YES_ERROR;
				CLANG_WARN_QUOTED_INCLUDE_IN_FRAMEWORK_HEADER = YES;
				CLANG_WARN_RANGE_LOOP_ANALYSIS = YES;
				CLANG_WARN_STRICT_PROTOTYPES = YES;
				CLANG_WARN_SUSPICIOUS_MOVE = YES;
				CLANG_WARN_UNGUARDED_AVAILABILITY = YES_AGGRESSIVE;
				CLANG_WARN_UNREACHABLE_CODE = YES;
				CLANG_WARN__DUPLICATE_METHOD_MATCH = YES;
				COPY_PHASE_STRIP = NO;
				DEBUG_INFORMATION_FORMAT = dwarf;
				ENABLE_STRICT_OBJC_MSGSEND = YES;
				ENABLE_TESTABILITY = YES;
				GCC_C_LANGUAGE_STANDARD = gnu11;
				GCC_DYNAMIC_NO_PIC = NO;
				GCC_NO_COMMON_BLOCKS = YES;
				GCC_OPTIMIZATION_LEVEL = 0;
				GCC_PREPROCESSOR_DEFINITIONS = (
					"DEBUG=1",
					"$(inherited)",
				);
				GCC_WARN_64_TO_32_BIT_CONVERSION = YES;
				GCC_WARN_ABOUT_RETURN_TYPE = YES_ERROR;
				GCC_WARN_UNDECLARED_SELECTOR = YES;
				GCC_WARN_UNINITIALIZED_AUTOS = YES_AGGRESSIVE;
				GCC_WARN_UNUSED_FUNCTION = YES;
				GCC_WARN_UNUSED_VARIABLE = YES;
				IPHONEOS_DEPLOYMENT_TARGET = 15.5;
				MTL_ENABLE_DEBUG_INFO = INCLUDE_SOURCE;
				MTL_FAST_MATH = YES;
				ONLY_ACTIVE_ARCH = YES;
				SDKROOT = iphoneos;
				SWIFT_ACTIVE_COMPILATION_CONDITIONS = DEBUG;
				SWIFT_OPTIMIZATION_LEVEL = "-Onone";
			};
			name = Debug;
		};
		FA68AF462A135F7200B69D4A /* Release */ = {
			isa = XCBuildConfiguration;
			buildSettings = {
				ALWAYS_SEARCH_USER_PATHS = NO;
				CLANG_ANALYZER_NONNULL = YES;
				CLANG_ANALYZER_NUMBER_OBJECT_CONVERSION = YES_AGGRESSIVE;
				CLANG_CXX_LANGUAGE_STANDARD = "gnu++17";
				CLANG_ENABLE_MODULES = YES;
				CLANG_ENABLE_OBJC_ARC = YES;
				CLANG_ENABLE_OBJC_WEAK = YES;
				CLANG_WARN_BLOCK_CAPTURE_AUTORELEASING = YES;
				CLANG_WARN_BOOL_CONVERSION = YES;
				CLANG_WARN_COMMA = YES;
				CLANG_WARN_CONSTANT_CONVERSION = YES;
				CLANG_WARN_DEPRECATED_OBJC_IMPLEMENTATIONS = YES;
				CLANG_WARN_DIRECT_OBJC_ISA_USAGE = YES_ERROR;
				CLANG_WARN_DOCUMENTATION_COMMENTS = YES;
				CLANG_WARN_EMPTY_BODY = YES;
				CLANG_WARN_ENUM_CONVERSION = YES;
				CLANG_WARN_INFINITE_RECURSION = YES;
				CLANG_WARN_INT_CONVERSION = YES;
				CLANG_WARN_NON_LITERAL_NULL_CONVERSION = YES;
				CLANG_WARN_OBJC_IMPLICIT_RETAIN_SELF = YES;
				CLANG_WARN_OBJC_LITERAL_CONVERSION = YES;
				CLANG_WARN_OBJC_ROOT_CLASS = YES_ERROR;
				CLANG_WARN_QUOTED_INCLUDE_IN_FRAMEWORK_HEADER = YES;
				CLANG_WARN_RANGE_LOOP_ANALYSIS = YES;
				CLANG_WARN_STRICT_PROTOTYPES = YES;
				CLANG_WARN_SUSPICIOUS_MOVE = YES;
				CLANG_WARN_UNGUARDED_AVAILABILITY = YES_AGGRESSIVE;
				CLANG_WARN_UNREACHABLE_CODE = YES;
				CLANG_WARN__DUPLICATE_METHOD_MATCH = YES;
				COPY_PHASE_STRIP = NO;
				DEBUG_INFORMATION_FORMAT = "dwarf-with-dsym";
				ENABLE_NS_ASSERTIONS = NO;
				ENABLE_STRICT_OBJC_MSGSEND = YES;
				GCC_C_LANGUAGE_STANDARD = gnu11;
				GCC_NO_COMMON_BLOCKS = YES;
				GCC_WARN_64_TO_32_BIT_CONVERSION = YES;
				GCC_WARN_ABOUT_RETURN_TYPE = YES_ERROR;
				GCC_WARN_UNDECLARED_SELECTOR = YES;
				GCC_WARN_UNINITIALIZED_AUTOS = YES_AGGRESSIVE;
				GCC_WARN_UNUSED_FUNCTION = YES;
				GCC_WARN_UNUSED_VARIABLE = YES;
				IPHONEOS_DEPLOYMENT_TARGET = 15.5;
				MTL_ENABLE_DEBUG_INFO = NO;
				MTL_FAST_MATH = YES;
				SDKROOT = iphoneos;
				SWIFT_COMPILATION_MODE = wholemodule;
				SWIFT_OPTIMIZATION_LEVEL = "-O";
				VALIDATE_PRODUCT = YES;
			};
			name = Release;
		};
		FA68AF482A135F7200B69D4A /* Debug */ = {
			isa = XCBuildConfiguration;
			buildSettings = {
				ASSETCATALOG_COMPILER_APPICON_NAME = AppIcon;
				ASSETCATALOG_COMPILER_GLOBAL_ACCENT_COLOR_NAME = AccentColor;
				CODE_SIGN_STYLE = Automatic;
				CURRENT_PROJECT_VERSION = 1;
				GENERATE_INFOPLIST_FILE = YES;
				INFOPLIST_FILE = DietApp/Info.plist;
				INFOPLIST_KEY_UIApplicationSupportsIndirectInputEvents = YES;
				INFOPLIST_KEY_UILaunchStoryboardName = LaunchScreen;
				INFOPLIST_KEY_UIMainStoryboardFile = Main;
				INFOPLIST_KEY_UISupportedInterfaceOrientations_iPad = "UIInterfaceOrientationPortrait UIInterfaceOrientationPortraitUpsideDown UIInterfaceOrientationLandscapeLeft UIInterfaceOrientationLandscapeRight";
				INFOPLIST_KEY_UISupportedInterfaceOrientations_iPhone = "UIInterfaceOrientationPortrait UIInterfaceOrientationLandscapeLeft UIInterfaceOrientationLandscapeRight";
				LD_RUNPATH_SEARCH_PATHS = (
					"$(inherited)",
					"@executable_path/Frameworks",
				);
				MARKETING_VERSION = 1.0;
				PRODUCT_BUNDLE_IDENTIFIER = com.gmail.mkogori01.DietApp;
				PRODUCT_NAME = "$(TARGET_NAME)";
				SWIFT_EMIT_LOC_STRINGS = YES;
				SWIFT_VERSION = 5.0;
				TARGETED_DEVICE_FAMILY = "1,2";
			};
			name = Debug;
		};
		FA68AF492A135F7200B69D4A /* Release */ = {
			isa = XCBuildConfiguration;
			buildSettings = {
				ASSETCATALOG_COMPILER_APPICON_NAME = AppIcon;
				ASSETCATALOG_COMPILER_GLOBAL_ACCENT_COLOR_NAME = AccentColor;
				CODE_SIGN_STYLE = Automatic;
				CURRENT_PROJECT_VERSION = 1;
				GENERATE_INFOPLIST_FILE = YES;
				INFOPLIST_FILE = DietApp/Info.plist;
				INFOPLIST_KEY_UIApplicationSupportsIndirectInputEvents = YES;
				INFOPLIST_KEY_UILaunchStoryboardName = LaunchScreen;
				INFOPLIST_KEY_UIMainStoryboardFile = Main;
				INFOPLIST_KEY_UISupportedInterfaceOrientations_iPad = "UIInterfaceOrientationPortrait UIInterfaceOrientationPortraitUpsideDown UIInterfaceOrientationLandscapeLeft UIInterfaceOrientationLandscapeRight";
				INFOPLIST_KEY_UISupportedInterfaceOrientations_iPhone = "UIInterfaceOrientationPortrait UIInterfaceOrientationLandscapeLeft UIInterfaceOrientationLandscapeRight";
				LD_RUNPATH_SEARCH_PATHS = (
					"$(inherited)",
					"@executable_path/Frameworks",
				);
				MARKETING_VERSION = 1.0;
				PRODUCT_BUNDLE_IDENTIFIER = com.gmail.mkogori01.DietApp;
				PRODUCT_NAME = "$(TARGET_NAME)";
				SWIFT_EMIT_LOC_STRINGS = YES;
				SWIFT_VERSION = 5.0;
				TARGETED_DEVICE_FAMILY = "1,2";
			};
			name = Release;
		};
		FA68AF4B2A135F7200B69D4A /* Debug */ = {
			isa = XCBuildConfiguration;
			buildSettings = {
				ALWAYS_EMBED_SWIFT_STANDARD_LIBRARIES = YES;
				BUNDLE_LOADER = "$(TEST_HOST)";
				CODE_SIGN_STYLE = Automatic;
				CURRENT_PROJECT_VERSION = 1;
				GENERATE_INFOPLIST_FILE = YES;
				IPHONEOS_DEPLOYMENT_TARGET = 15.5;
				MARKETING_VERSION = 1.0;
				PRODUCT_BUNDLE_IDENTIFIER = com.gmail.mkogori01.DietAppTests;
				PRODUCT_NAME = "$(TARGET_NAME)";
				SWIFT_EMIT_LOC_STRINGS = NO;
				SWIFT_VERSION = 5.0;
				TARGETED_DEVICE_FAMILY = "1,2";
				TEST_HOST = "$(BUILT_PRODUCTS_DIR)/DietApp.app/DietApp";
			};
			name = Debug;
		};
		FA68AF4C2A135F7200B69D4A /* Release */ = {
			isa = XCBuildConfiguration;
			buildSettings = {
				ALWAYS_EMBED_SWIFT_STANDARD_LIBRARIES = YES;
				BUNDLE_LOADER = "$(TEST_HOST)";
				CODE_SIGN_STYLE = Automatic;
				CURRENT_PROJECT_VERSION = 1;
				GENERATE_INFOPLIST_FILE = YES;
				IPHONEOS_DEPLOYMENT_TARGET = 15.5;
				MARKETING_VERSION = 1.0;
				PRODUCT_BUNDLE_IDENTIFIER = com.gmail.mkogori01.DietAppTests;
				PRODUCT_NAME = "$(TARGET_NAME)";
				SWIFT_EMIT_LOC_STRINGS = NO;
				SWIFT_VERSION = 5.0;
				TARGETED_DEVICE_FAMILY = "1,2";
				TEST_HOST = "$(BUILT_PRODUCTS_DIR)/DietApp.app/DietApp";
			};
			name = Release;
		};
		FA68AF4E2A135F7200B69D4A /* Debug */ = {
			isa = XCBuildConfiguration;
			buildSettings = {
				ALWAYS_EMBED_SWIFT_STANDARD_LIBRARIES = YES;
				CODE_SIGN_STYLE = Automatic;
				CURRENT_PROJECT_VERSION = 1;
				GENERATE_INFOPLIST_FILE = YES;
				MARKETING_VERSION = 1.0;
				PRODUCT_BUNDLE_IDENTIFIER = com.gmail.mkogori01.DietAppUITests;
				PRODUCT_NAME = "$(TARGET_NAME)";
				SWIFT_EMIT_LOC_STRINGS = NO;
				SWIFT_VERSION = 5.0;
				TARGETED_DEVICE_FAMILY = "1,2";
				TEST_TARGET_NAME = DietApp;
			};
			name = Debug;
		};
		FA68AF4F2A135F7200B69D4A /* Release */ = {
			isa = XCBuildConfiguration;
			buildSettings = {
				ALWAYS_EMBED_SWIFT_STANDARD_LIBRARIES = YES;
				CODE_SIGN_STYLE = Automatic;
				CURRENT_PROJECT_VERSION = 1;
				GENERATE_INFOPLIST_FILE = YES;
				MARKETING_VERSION = 1.0;
				PRODUCT_BUNDLE_IDENTIFIER = com.gmail.mkogori01.DietAppUITests;
				PRODUCT_NAME = "$(TARGET_NAME)";
				SWIFT_EMIT_LOC_STRINGS = NO;
				SWIFT_VERSION = 5.0;
				TARGETED_DEVICE_FAMILY = "1,2";
				TEST_TARGET_NAME = DietApp;
			};
			name = Release;
		};
/* End XCBuildConfiguration section */

/* Begin XCConfigurationList section */
		FA68AF182A135F6F00B69D4A /* Build configuration list for PBXProject "DietApp" */ = {
			isa = XCConfigurationList;
			buildConfigurations = (
				FA68AF452A135F7200B69D4A /* Debug */,
				FA68AF462A135F7200B69D4A /* Release */,
			);
			defaultConfigurationIsVisible = 0;
			defaultConfigurationName = Release;
		};
		FA68AF472A135F7200B69D4A /* Build configuration list for PBXNativeTarget "DietApp" */ = {
			isa = XCConfigurationList;
			buildConfigurations = (
				FA68AF482A135F7200B69D4A /* Debug */,
				FA68AF492A135F7200B69D4A /* Release */,
			);
			defaultConfigurationIsVisible = 0;
			defaultConfigurationName = Release;
		};
		FA68AF4A2A135F7200B69D4A /* Build configuration list for PBXNativeTarget "DietAppTests" */ = {
			isa = XCConfigurationList;
			buildConfigurations = (
				FA68AF4B2A135F7200B69D4A /* Debug */,
				FA68AF4C2A135F7200B69D4A /* Release */,
			);
			defaultConfigurationIsVisible = 0;
			defaultConfigurationName = Release;
		};
		FA68AF4D2A135F7200B69D4A /* Build configuration list for PBXNativeTarget "DietAppUITests" */ = {
			isa = XCConfigurationList;
			buildConfigurations = (
				FA68AF4E2A135F7200B69D4A /* Debug */,
				FA68AF4F2A135F7200B69D4A /* Release */,
			);
			defaultConfigurationIsVisible = 0;
			defaultConfigurationName = Release;
		};
/* End XCConfigurationList section */
	};
	rootObject = FA68AF152A135F6F00B69D4A /* Project object */;
}
